// !$*UTF8*$!
{
	archiveVersion = 1;
	classes = {
	};
	objectVersion = 50;
	objects = {

/* Begin PBXBuildFile section */
		EA3EA49726DB933200DF878A /* User.swift in Sources */ = {isa = PBXBuildFile; fileRef = EA3EA49626DB933200DF878A /* User.swift */; };
		EA3EA49D26DBAFC000DF878A /* TabBarViewController.swift in Sources */ = {isa = PBXBuildFile; fileRef = EA3EA49C26DBAFC000DF878A /* TabBarViewController.swift */; };
		EA3EA49F26DBC54D00DF878A /* AboutMeViewController.swift in Sources */ = {isa = PBXBuildFile; fileRef = EA3EA49E26DBC54D00DF878A /* AboutMeViewController.swift */; };
		EA65725126D940F80096AFBD /* AppDelegate.swift in Sources */ = {isa = PBXBuildFile; fileRef = EA65725026D940F80096AFBD /* AppDelegate.swift */; };
		EA65725326D940F80096AFBD /* SceneDelegate.swift in Sources */ = {isa = PBXBuildFile; fileRef = EA65725226D940F80096AFBD /* SceneDelegate.swift */; };
		EA65725526D940F80096AFBD /* LoginPageViewController.swift in Sources */ = {isa = PBXBuildFile; fileRef = EA65725426D940F80096AFBD /* LoginPageViewController.swift */; };
		EA65725826D940F80096AFBD /* Main.storyboard in Resources */ = {isa = PBXBuildFile; fileRef = EA65725626D940F80096AFBD /* Main.storyboard */; };
		EA65725A26D940FA0096AFBD /* Assets.xcassets in Resources */ = {isa = PBXBuildFile; fileRef = EA65725926D940FA0096AFBD /* Assets.xcassets */; };
		EA65725D26D940FA0096AFBD /* LaunchScreen.storyboard in Resources */ = {isa = PBXBuildFile; fileRef = EA65725B26D940FA0096AFBD /* LaunchScreen.storyboard */; };
		EAC58B7D26DA76190052C549 /* GreetingScreenViewController.swift in Sources */ = {isa = PBXBuildFile; fileRef = EAC58B7C26DA76190052C549 /* GreetingScreenViewController.swift */; };
/* End PBXBuildFile section */

/* Begin PBXFileReference section */
		EA3EA49626DB933200DF878A /* User.swift */ = {isa = PBXFileReference; lastKnownFileType = sourcecode.swift; path = User.swift; sourceTree = "<group>"; };
		EA3EA49C26DBAFC000DF878A /* TabBarViewController.swift */ = {isa = PBXFileReference; lastKnownFileType = sourcecode.swift; path = TabBarViewController.swift; sourceTree = "<group>"; };
		EA3EA49E26DBC54D00DF878A /* AboutMeViewController.swift */ = {isa = PBXFileReference; lastKnownFileType = sourcecode.swift; path = AboutMeViewController.swift; sourceTree = "<group>"; };
		EA65724D26D940F80096AFBD /* Homework_2.4.app */ = {isa = PBXFileReference; explicitFileType = wrapper.application; includeInIndex = 0; path = Homework_2.4.app; sourceTree = BUILT_PRODUCTS_DIR; };
		EA65725026D940F80096AFBD /* AppDelegate.swift */ = {isa = PBXFileReference; lastKnownFileType = sourcecode.swift; path = AppDelegate.swift; sourceTree = "<group>"; };
		EA65725226D940F80096AFBD /* SceneDelegate.swift */ = {isa = PBXFileReference; lastKnownFileType = sourcecode.swift; path = SceneDelegate.swift; sourceTree = "<group>"; };
		EA65725426D940F80096AFBD /* LoginPageViewController.swift */ = {isa = PBXFileReference; lastKnownFileType = sourcecode.swift; path = LoginPageViewController.swift; sourceTree = "<group>"; };
		EA65725726D940F80096AFBD /* Base */ = {isa = PBXFileReference; lastKnownFileType = file.storyboard; name = Base; path = Base.lproj/Main.storyboard; sourceTree = "<group>"; };
		EA65725926D940FA0096AFBD /* Assets.xcassets */ = {isa = PBXFileReference; lastKnownFileType = folder.assetcatalog; path = Assets.xcassets; sourceTree = "<group>"; };
		EA65725C26D940FA0096AFBD /* Base */ = {isa = PBXFileReference; lastKnownFileType = file.storyboard; name = Base; path = Base.lproj/LaunchScreen.storyboard; sourceTree = "<group>"; };
		EA65725E26D940FA0096AFBD /* Info.plist */ = {isa = PBXFileReference; lastKnownFileType = text.plist.xml; path = Info.plist; sourceTree = "<group>"; };
		EAC58B7C26DA76190052C549 /* GreetingScreenViewController.swift */ = {isa = PBXFileReference; lastKnownFileType = sourcecode.swift; path = GreetingScreenViewController.swift; sourceTree = "<group>"; };
/* End PBXFileReference section */

/* Begin PBXFrameworksBuildPhase section */
		EA65724A26D940F80096AFBD /* Frameworks */ = {
			isa = PBXFrameworksBuildPhase;
			buildActionMask = 2147483647;
			files = (
			);
			runOnlyForDeploymentPostprocessing = 0;
		};
/* End PBXFrameworksBuildPhase section */

/* Begin PBXGroup section */
		EA65724426D940F80096AFBD = {
			isa = PBXGroup;
			children = (
				EA65724F26D940F80096AFBD /* Homework_2.4 */,
				EA65724E26D940F80096AFBD /* Products */,
			);
			sourceTree = "<group>";
		};
		EA65724E26D940F80096AFBD /* Products */ = {
			isa = PBXGroup;
			children = (
				EA65724D26D940F80096AFBD /* Homework_2.4.app */,
			);
			name = Products;
			sourceTree = "<group>";
		};
		EA65724F26D940F80096AFBD /* Homework_2.4 */ = {
			isa = PBXGroup;
			children = (
				EAC58B8226DAA73A0052C549 /* Models */,
				EAC58B7E26DAA4EF0052C549 /* ViewControllers */,
				EAC58B7F26DAA5060052C549 /* Storyboards */,
				EAC58B8026DAA51B0052C549 /* Assets */,
				EAC58B8126DAA58C0052C549 /* Miscelaneous */,
			);
			path = Homework_2.4;
			sourceTree = "<group>";
		};
		EAC58B7E26DAA4EF0052C549 /* ViewControllers */ = {
			isa = PBXGroup;
			children = (
				EA3EA49C26DBAFC000DF878A /* TabBarViewController.swift */,
				EA65725426D940F80096AFBD /* LoginPageViewController.swift */,
				EA3EA49E26DBC54D00DF878A /* AboutMeViewController.swift */,
				EAC58B7C26DA76190052C549 /* GreetingScreenViewController.swift */,
			);
			path = ViewControllers;
			sourceTree = "<group>";
		};
		EAC58B7F26DAA5060052C549 /* Storyboards */ = {
			isa = PBXGroup;
			children = (
				EA65725626D940F80096AFBD /* Main.storyboard */,
				EA65725B26D940FA0096AFBD /* LaunchScreen.storyboard */,
			);
			path = Storyboards;
			sourceTree = "<group>";
		};
		EAC58B8026DAA51B0052C549 /* Assets */ = {
			isa = PBXGroup;
			children = (
				EA65725926D940FA0096AFBD /* Assets.xcassets */,
			);
			path = Assets;
			sourceTree = "<group>";
		};
		EAC58B8126DAA58C0052C549 /* Miscelaneous */ = {
			isa = PBXGroup;
			children = (
				EA65725026D940F80096AFBD /* AppDelegate.swift */,
				EA65725226D940F80096AFBD /* SceneDelegate.swift */,
				EA65725E26D940FA0096AFBD /* Info.plist */,
			);
			path = Miscelaneous;
			sourceTree = "<group>";
		};
		EAC58B8226DAA73A0052C549 /* Models */ = {
			isa = PBXGroup;
			children = (
				EA3EA49626DB933200DF878A /* User.swift */,
			);
			path = Models;
			sourceTree = "<group>";
		};
/* End PBXGroup section */

/* Begin PBXNativeTarget section */
		EA65724C26D940F80096AFBD /* Homework_2.4 */ = {
			isa = PBXNativeTarget;
			buildConfigurationList = EA65726126D940FA0096AFBD /* Build configuration list for PBXNativeTarget "Homework_2.4" */;
			buildPhases = (
				EA65724926D940F80096AFBD /* Sources */,
				EA65724A26D940F80096AFBD /* Frameworks */,
				EA65724B26D940F80096AFBD /* Resources */,
			);
			buildRules = (
			);
			dependencies = (
			);
			name = Homework_2.4;
			productName = Homework_2.4;
			productReference = EA65724D26D940F80096AFBD /* Homework_2.4.app */;
			productType = "com.apple.product-type.application";
		};
/* End PBXNativeTarget section */

/* Begin PBXProject section */
		EA65724526D940F80096AFBD /* Project object */ = {
			isa = PBXProject;
			attributes = {
				LastSwiftUpdateCheck = 1250;
				LastUpgradeCheck = 1250;
				TargetAttributes = {
					EA65724C26D940F80096AFBD = {
						CreatedOnToolsVersion = 12.5.1;
					};
				};
			};
			buildConfigurationList = EA65724826D940F80096AFBD /* Build configuration list for PBXProject "Homework_2.4" */;
			compatibilityVersion = "Xcode 9.3";
			developmentRegion = en;
			hasScannedForEncodings = 0;
			knownRegions = (
				en,
				Base,
			);
			mainGroup = EA65724426D940F80096AFBD;
			productRefGroup = EA65724E26D940F80096AFBD /* Products */;
			projectDirPath = "";
			projectRoot = "";
			targets = (
				EA65724C26D940F80096AFBD /* Homework_2.4 */,
			);
		};
/* End PBXProject section */

/* Begin PBXResourcesBuildPhase section */
		EA65724B26D940F80096AFBD /* Resources */ = {
			isa = PBXResourcesBuildPhase;
			buildActionMask = 2147483647;
			files = (
				EA65725D26D940FA0096AFBD /* LaunchScreen.storyboard in Resources */,
				EA65725A26D940FA0096AFBD /* Assets.xcassets in Resources */,
				EA65725826D940F80096AFBD /* Main.storyboard in Resources */,
			);
			runOnlyForDeploymentPostprocessing = 0;
		};
/* End PBXResourcesBuildPhase section */

/* Begin PBXSourcesBuildPhase section */
		EA65724926D940F80096AFBD /* Sources */ = {
			isa = PBXSourcesBuildPhase;
			buildActionMask = 2147483647;
			files = (
				EA65725526D940F80096AFBD /* LoginPageViewController.swift in Sources */,
				EAC58B7D26DA76190052C549 /* GreetingScreenViewController.swift in Sources */,
				EA3EA49F26DBC54D00DF878A /* AboutMeViewController.swift in Sources */,
				EA65725126D940F80096AFBD /* AppDelegate.swift in Sources */,
				EA3EA49726DB933200DF878A /* User.swift in Sources */,
				EA3EA49D26DBAFC000DF878A /* TabBarViewController.swift in Sources */,
				EA65725326D940F80096AFBD /* SceneDelegate.swift in Sources */,
			);
			runOnlyForDeploymentPostprocessing = 0;
		};
/* End PBXSourcesBuildPhase section */

/* Begin PBXVariantGroup section */
		EA65725626D940F80096AFBD /* Main.storyboard */ = {
			isa = PBXVariantGroup;
			children = (
				EA65725726D940F80096AFBD /* Base */,
			);
			name = Main.storyboard;
			sourceTree = "<group>";
		};
		EA65725B26D940FA0096AFBD /* LaunchScreen.storyboard */ = {
			isa = PBXVariantGroup;
			children = (
				EA65725C26D940FA0096AFBD /* Base */,
			);
			name = LaunchScreen.storyboard;
			sourceTree = "<group>";
		};
/* End PBXVariantGroup section */

/* Begin XCBuildConfiguration section */
		EA65725F26D940FA0096AFBD /* Debug */ = {
			isa = XCBuildConfiguration;
			buildSettings = {
				ALWAYS_SEARCH_USER_PATHS = NO;
				CLANG_ANALYZER_NONNULL = YES;
				CLANG_ANALYZER_NUMBER_OBJECT_CONVERSION = YES_AGGRESSIVE;
				CLANG_CXX_LANGUAGE_STANDARD = "gnu++14";
				CLANG_CXX_LIBRARY = "libc++";
				CLANG_ENABLE_MODULES = YES;
				CLANG_ENABLE_OBJC_ARC = YES;
				CLANG_ENABLE_OBJC_WEAK = YES;
				CLANG_WARN_BLOCK_CAPTURE_AUTORELEASING = YES;
				CLANG_WARN_BOOL_CONVERSION = YES;
				CLANG_WARN_COMMA = YES;
				CLANG_WARN_CONSTANT_CONVERSION = YES;
				CLANG_WARN_DEPRECATED_OBJC_IMPLEMENTATIONS = YES;
				CLANG_WARN_DIRECT_OBJC_ISA_USAGE = YES_ERROR;
				CLANG_WARN_DOCUMENTATION_COMMENTS = YES;
				CLANG_WARN_EMPTY_BODY = YES;
				CLANG_WARN_ENUM_CONVERSION = YES;
				CLANG_WARN_INFINITE_RECURSION = YES;
				CLANG_WARN_INT_CONVERSION = YES;
				CLANG_WARN_NON_LITERAL_NULL_CONVERSION = YES;
				CLANG_WARN_OBJC_IMPLICIT_RETAIN_SELF = YES;
				CLANG_WARN_OBJC_LITERAL_CONVERSION = YES;
				CLANG_WARN_OBJC_ROOT_CLASS = YES_ERROR;
				CLANG_WARN_QUOTED_INCLUDE_IN_FRAMEWORK_HEADER = YES;
				CLANG_WARN_RANGE_LOOP_ANALYSIS = YES;
				CLANG_WARN_STRICT_PROTOTYPES = YES;
				CLANG_WARN_SUSPICIOUS_MOVE = YES;
				CLANG_WARN_UNGUARDED_AVAILABILITY = YES_AGGRESSIVE;
				CLANG_WARN_UNREACHABLE_CODE = YES;
				CLANG_WARN__DUPLICATE_METHOD_MATCH = YES;
				COPY_PHASE_STRIP = NO;
				DEBUG_INFORMATION_FORMAT = dwarf;
				ENABLE_STRICT_OBJC_MSGSEND = YES;
				ENABLE_TESTABILITY = YES;
				GCC_C_LANGUAGE_STANDARD = gnu11;
				GCC_DYNAMIC_NO_PIC = NO;
				GCC_NO_COMMON_BLOCKS = YES;
				GCC_OPTIMIZATION_LEVEL = 0;
				GCC_PREPROCESSOR_DEFINITIONS = (
					"DEBUG=1",
					"$(inherited)",
				);
				GCC_WARN_64_TO_32_BIT_CONVERSION = YES;
				GCC_WARN_ABOUT_RETURN_TYPE = YES_ERROR;
				GCC_WARN_UNDECLARED_SELECTOR = YES;
				GCC_WARN_UNINITIALIZED_AUTOS = YES_AGGRESSIVE;
				GCC_WARN_UNUSED_FUNCTION = YES;
				GCC_WARN_UNUSED_VARIABLE = YES;
				IPHONEOS_DEPLOYMENT_TARGET = 14.5;
				MTL_ENABLE_DEBUG_INFO = INCLUDE_SOURCE;
				MTL_FAST_MATH = YES;
				ONLY_ACTIVE_ARCH = YES;
				SDKROOT = iphoneos;
				SWIFT_ACTIVE_COMPILATION_CONDITIONS = DEBUG;
				SWIFT_OPTIMIZATION_LEVEL = "-Onone";
			};
			name = Debug;
		};
		EA65726026D940FA0096AFBD /* Release */ = {
			isa = XCBuildConfiguration;
			buildSettings = {
				ALWAYS_SEARCH_USER_PATHS = NO;
				CLANG_ANALYZER_NONNULL = YES;
				CLANG_ANALYZER_NUMBER_OBJECT_CONVERSION = YES_AGGRESSIVE;
				CLANG_CXX_LANGUAGE_STANDARD = "gnu++14";
				CLANG_CXX_LIBRARY = "libc++";
				CLANG_ENABLE_MODULES = YES;
				CLANG_ENABLE_OBJC_ARC = YES;
				CLANG_ENABLE_OBJC_WEAK = YES;
				CLANG_WARN_BLOCK_CAPTURE_AUTORELEASING = YES;
				CLANG_WARN_BOOL_CONVERSION = YES;
				CLANG_WARN_COMMA = YES;
				CLANG_WARN_CONSTANT_CONVERSION = YES;
				CLANG_WARN_DEPRECATED_OBJC_IMPLEMENTATIONS = YES;
				CLANG_WARN_DIRECT_OBJC_ISA_USAGE = YES_ERROR;
				CLANG_WARN_DOCUMENTATION_COMMENTS = YES;
				CLANG_WARN_EMPTY_BODY = YES;
				CLANG_WARN_ENUM_CONVERSION = YES;
				CLANG_WARN_INFINITE_RECURSION = YES;
				CLANG_WARN_INT_CONVERSION = YES;
				CLANG_WARN_NON_LITERAL_NULL_CONVERSION = YES;
				CLANG_WARN_OBJC_IMPLICIT_RETAIN_SELF = YES;
				CLANG_WARN_OBJC_LITERAL_CONVERSION = YES;
				CLANG_WARN_OBJC_ROOT_CLASS = YES_ERROR;
				CLANG_WARN_QUOTED_INCLUDE_IN_FRAMEWORK_HEADER = YES;
				CLANG_WARN_RANGE_LOOP_ANALYSIS = YES;
				CLANG_WARN_STRICT_PROTOTYPES = YES;
				CLANG_WARN_SUSPICIOUS_MOVE = YES;
				CLANG_WARN_UNGUARDED_AVAILABILITY = YES_AGGRESSIVE;
				CLANG_WARN_UNREACHABLE_CODE = YES;
				CLANG_WARN__DUPLICATE_METHOD_MATCH = YES;
				COPY_PHASE_STRIP = NO;
				DEBUG_INFORMATION_FORMAT = "dwarf-with-dsym";
				ENABLE_NS_ASSERTIONS = NO;
				ENABLE_STRICT_OBJC_MSGSEND = YES;
				GCC_C_LANGUAGE_STANDARD = gnu11;
				GCC_NO_COMMON_BLOCKS = YES;
				GCC_WARN_64_TO_32_BIT_CONVERSION = YES;
				GCC_WARN_ABOUT_RETURN_TYPE = YES_ERROR;
				GCC_WARN_UNDECLARED_SELECTOR = YES;
				GCC_WARN_UNINITIALIZED_AUTOS = YES_AGGRESSIVE;
				GCC_WARN_UNUSED_FUNCTION = YES;
				GCC_WARN_UNUSED_VARIABLE = YES;
				IPHONEOS_DEPLOYMENT_TARGET = 14.5;
				MTL_ENABLE_DEBUG_INFO = NO;
				MTL_FAST_MATH = YES;
				SDKROOT = iphoneos;
				SWIFT_COMPILATION_MODE = wholemodule;
				SWIFT_OPTIMIZATION_LEVEL = "-O";
				VALIDATE_PRODUCT = YES;
			};
			name = Release;
		};
		EA65726226D940FA0096AFBD /* Debug */ = {
			isa = XCBuildConfiguration;
			buildSettings = {
				ASSETCATALOG_COMPILER_APPICON_NAME = AppIcon;
				ASSETCATALOG_COMPILER_GLOBAL_ACCENT_COLOR_NAME = AccentColor;
				CODE_SIGN_STYLE = Automatic;
				DEVELOPMENT_TEAM = U4KL3S3U8D;
				INFOPLIST_FILE = Homework_2.4/Miscelaneous/Info.plist;
				LD_RUNPATH_SEARCH_PATHS = (
					"$(inherited)",
					"@executable_path/Frameworks",
				);
				PRODUCT_BUNDLE_IDENTIFIER = "Arcani.Homework-2-4";
				PRODUCT_NAME = "$(TARGET_NAME)";
				SWIFT_VERSION = 5.0;
				TARGETED_DEVICE_FAMILY = "1,2";
			};
			name = Debug;
		};
		EA65726326D940FA0096AFBD /* Release */ = {
			isa = XCBuildConfiguration;
			buildSettings = {
				ASSETCATALOG_COMPILER_APPICON_NAME = AppIcon;
				ASSETCATALOG_COMPILER_GLOBAL_ACCENT_COLOR_NAME = AccentColor;
				CODE_SIGN_STYLE = Automatic;
				DEVELOPMENT_TEAM = U4KL3S3U8D;
				INFOPLIST_FILE = Homework_2.4/Miscelaneous/Info.plist;
				LD_RUNPATH_SEARCH_PATHS = (
					"$(inherited)",
					"@executable_path/Frameworks",
				);
				PRODUCT_BUNDLE_IDENTIFIER = "Arcani.Homework-2-4";
				PRODUCT_NAME = "$(TARGET_NAME)";
				SWIFT_VERSION = 5.0;
				TARGETED_DEVICE_FAMILY = "1,2";
			};
			name = Release;
		};
/* End XCBuildConfiguration section */

/* Begin XCConfigurationList section */
		EA65724826D940F80096AFBD /* Build configuration list for PBXProject "Homework_2.4" */ = {
			isa = XCConfigurationList;
			buildConfigurations = (
				EA65725F26D940FA0096AFBD /* Debug */,
				EA65726026D940FA0096AFBD /* Release */,
			);
			defaultConfigurationIsVisible = 0;
			defaultConfigurationName = Release;
		};
		EA65726126D940FA0096AFBD /* Build configuration list for PBXNativeTarget "Homework_2.4" */ = {
			isa = XCConfigurationList;
			buildConfigurations = (
				EA65726226D940FA0096AFBD /* Debug */,
				EA65726326D940FA0096AFBD /* Release */,
			);
			defaultConfigurationIsVisible = 0;
			defaultConfigurationName = Release;
		};
/* End XCConfigurationList section */
	};
	rootObject = EA65724526D940F80096AFBD /* Project object */;
}
